
Microsoft Visual Studio Solution File, Format Version 12.00
# Visual Studio Version 17
VisualStudioVersion = 17.5.33516.290
MinimumVisualStudioVersion = 10.0.40219.1
Project("{8BC9CEB8-8B4A-11D0-8D11-00A0C91BC942}") = "cppPractice", "cppPractice\cppPractice.vcxproj", "{A77EFCC6-0E3A-4571-B42A-8C58631FDD36}"
EndProject
Global
	GlobalSection(SolutionConfigurationPlatforms) = preSolution
		Debug|x64 = Debug|x64
		Debug|x86 = Debug|x86
		Release|x64 = Release|x64
		Release|x86 = Release|x86
	EndGlobalSection
	GlobalSection(ProjectConfigurationPlatforms) = postSolution
		{A77EFCC6-0E3A-4571-B42A-8C58631FDD36}.Debug|x64.ActiveCfg = Debug|x64
		{A77EFCC6-0E3A-4571-B42A-8C58631FDD36}.Debug|x64.Build.0 = Debug|x64
		{A77EFCC6-0E3A-4571-B42A-8C58631FDD36}.Debug|x86.ActiveCfg = Debug|Win32
		{A77EFCC6-0E3A-4571-B42A-8C58631FDD36}.Debug|x86.Build.0 = Debug|Win32
		{A77EFCC6-0E3A-4571-B42A-8C58631FDD36}.Release|x64.ActiveCfg = Release|x64
		{A77EFCC6-0E3A-4571-B42A-8C58631FDD36}.Release|x64.Build.0 = Release|x64
		{A77EFCC6-0E3A-4571-B42A-8C58631FDD36}.Release|x86.ActiveCfg = Release|Win32
		{A77EFCC6-0E3A-4571-B42A-8C58631FDD36}.Release|x86.Build.0 = Release|Win32
	EndGlobalSection
	GlobalSection(SolutionProperties) = preSolution
		HideSolutionNode = FALSE
	EndGlobalSection
	GlobalSection(ExtensibilityGlobals) = postSolution
		SolutionGuid = {AB58A65D-5553-4EF5-8638-79BC9DD88931}
	EndGlobalSection
EndGlobal
